
Microsoft Visual Studio Solution File, Format Version 12.00
# Visual Studio Version 17
VisualStudioVersion = 17.9.34622.214
MinimumVisualStudioVersion = 10.0.40219.1
Project("{FAE04EC0-301F-11D3-BF4B-00C04F79EFBC}") = "Oman Public Library System", "Oman Public Library System\Oman Public Library System.csproj", "{2D98A485-44BF-4EC1-8621-008F21507432}"
EndProject
Global
	GlobalSection(SolutionConfigurationPlatforms) = preSolution
		Debug|Any CPU = Debug|Any CPU
		Release|Any CPU = Release|Any CPU
	EndGlobalSection
	GlobalSection(ProjectConfigurationPlatforms) = postSolution
		{2D98A485-44BF-4EC1-8621-008F21507432}.Debug|Any CPU.ActiveCfg = Debug|Any CPU
		{2D98A485-44BF-4EC1-8621-008F21507432}.Debug|Any CPU.Build.0 = Debug|Any CPU
		{2D98A485-44BF-4EC1-8621-008F21507432}.Release|Any CPU.ActiveCfg = Release|Any CPU
		{2D98A485-44BF-4EC1-8621-008F21507432}.Release|Any CPU.Build.0 = Release|Any CPU
	EndGlobalSection
	GlobalSection(SolutionProperties) = preSolution
		HideSolutionNode = FALSE
	EndGlobalSection
	GlobalSection(ExtensibilityGlobals) = postSolution
		SolutionGuid = {7B3FDDBC-A773-4D3D-89FB-5CE1916351C2}
	EndGlobalSection
EndGlobal
